
Microsoft Visual Studio Solution File, Format Version 12.00
# Visual Studio Version 17
VisualStudioVersion = 17.7.34031.279
MinimumVisualStudioVersion = 10.0.40219.1
Project("{2150E333-8FDC-42A3-9474-1A3956D46DE8}") = "00-opakování", "00-opakování", "{1F6894A1-0943-48D5-9846-42C74DD4872F}"
EndProject
Project("{FAE04EC0-301F-11D3-BF4B-00C04F79EFBC}") = "00-opakování-00-demo", "00-opakování-00-demo\00-opakování-00-demo.csproj", "{F4B666F0-C7E7-4488-A14F-5FBEFBF9F212}"
EndProject
Global
	GlobalSection(SolutionConfigurationPlatforms) = preSolution
		Debug|Any CPU = Debug|Any CPU
		Release|Any CPU = Release|Any CPU
	EndGlobalSection
	GlobalSection(ProjectConfigurationPlatforms) = postSolution
		{F4B666F0-C7E7-4488-A14F-5FBEFBF9F212}.Debug|Any CPU.ActiveCfg = Debug|Any CPU
		{F4B666F0-C7E7-4488-A14F-5FBEFBF9F212}.Debug|Any CPU.Build.0 = Debug|Any CPU
		{F4B666F0-C7E7-4488-A14F-5FBEFBF9F212}.Release|Any CPU.ActiveCfg = Release|Any CPU
		{F4B666F0-C7E7-4488-A14F-5FBEFBF9F212}.Release|Any CPU.Build.0 = Release|Any CPU
	EndGlobalSection
	GlobalSection(SolutionProperties) = preSolution
		HideSolutionNode = FALSE
	EndGlobalSection
	GlobalSection(NestedProjects) = preSolution
		{F4B666F0-C7E7-4488-A14F-5FBEFBF9F212} = {1F6894A1-0943-48D5-9846-42C74DD4872F}
	EndGlobalSection
	GlobalSection(ExtensibilityGlobals) = postSolution
		SolutionGuid = {29AA5F66-AB8F-4783-8BD5-C0766F816483}
	EndGlobalSection
EndGlobal
