
Microsoft Visual Studio Solution File, Format Version 12.00
# Visual Studio Version 17
VisualStudioVersion = 17.7.34031.279
MinimumVisualStudioVersion = 10.0.40219.1
Project("{2150E333-8FDC-42A3-9474-1A3956D46DE8}") = "00-opakování", "00-opakování", "{1F6894A1-0943-48D5-9846-42C74DD4872F}"
EndProject
Project("{9A19103F-16F7-4668-BE54-9A1E7A4F7556}") = "00-opakování-00-demo", "00-opakování-00-demo\00-opakování-00-demo.csproj", "{F4B666F0-C7E7-4488-A14F-5FBEFBF9F212}"
EndProject
Project("{9A19103F-16F7-4668-BE54-9A1E7A4F7556}") = "00-opakování-220-nacitaci-metoda", "00-opakování-220-nacitaci-metoda\00-opakování-220-nacitaci-metoda.csproj", "{C6AA64E2-F443-4156-BE99-D9A74006DB8D}"
EndProject
Project("{9A19103F-16F7-4668-BE54-9A1E7A4F7556}") = "00-opakovani-150-Je-trojúhelník", "00-opakovani-150-Je-trojúhelník\00-opakovani-150-Je-trojúhelník.csproj", "{F4AABE5C-97A5-4924-95DB-FE68D16A64F9}"
EndProject
Project("{2150E333-8FDC-42A3-9474-1A3956D46DE8}") = "01-OOP", "01-OOP", "{3728FE2C-9202-49E6-AE6B-E580476CA577}"
EndProject
Project("{9A19103F-16F7-4668-BE54-9A1E7A4F7556}") = "01-OOP-010-Role", "01-OOP-010-Role\01-OOP-010-Role.csproj", "{997CAE07-E2ED-4168-A898-83638A75E7A6}"
EndProject
Project("{9A19103F-16F7-4668-BE54-9A1E7A4F7556}") = "01-OOP-020-Tachometr", "01-OOP-020-Tachometr\01-OOP-020-Tachometr.csproj", "{FD6EF0D0-064F-4400-8246-8C8EA811D98C}"
EndProject
Project("{9A19103F-16F7-4668-BE54-9A1E7A4F7556}") = "01-OOP-040-Test-vyrobku", "01-OOP-040-Test-vyrobku\01-OOP-040-Test-vyrobku.csproj", "{3802B6B6-27F4-4455-B16B-B0768DF60A1B}"
EndProject
Project("{9A19103F-16F7-4668-BE54-9A1E7A4F7556}") = "00-Rev-01-poslední-dlouhe", "00-Rev-01-poslední-dlouhe\00-Rev-01-poslední-dlouhe.csproj", "{4EAA23DA-1021-4A53-931D-FEBFF95907F8}"
EndProject
Project("{9A19103F-16F7-4668-BE54-9A1E7A4F7556}") = "00-Rev-02-prumer-lichych", "00-Rev-02-prumer-lichych\00-Rev-02-prumer-lichych.csproj", "{93F4F29E-D7A2-4295-AF3A-84FEE130645A}"
EndProject
Project("{9A19103F-16F7-4668-BE54-9A1E7A4F7556}") = "01-OOP-Lanovka", "01-OOP-Lanovka\01-OOP-Lanovka.csproj", "{636CCBED-A63D-48BF-BC60-267359D56C1D}"
EndProject
Project("{9A19103F-16F7-4668-BE54-9A1E7A4F7556}") = "15.10", "15.10\15.10.csproj", "{75C5A53E-5AFD-4E09-83F7-E578D7C3EE21}"
EndProject
Project("{9A19103F-16F7-4668-BE54-9A1E7A4F7556}") = "01_OOP2_010", "01_OOP2_010\01_OOP2_010.csproj", "{38F042DA-7171-471C-AA3C-9C5FD5DA0F49}"
EndProject
Project("{9A19103F-16F7-4668-BE54-9A1E7A4F7556}") = "03-OOP2-020-pocitadlo", "03-OOP2-020-pocitadlo\03-OOP2-020-pocitadlo.csproj", "{F34189B1-2658-400D-B1BE-B247B7CD2E6E}"
EndProject
Project("{9A19103F-16F7-4668-BE54-9A1E7A4F7556}") = "03-OOP2-030-bankovniucet", "03-OOP2-030-bankovniucet\03-OOP2-030-bankovniucet.csproj", "{B6C3640C-D126-4AF0-A85C-033067C8BAF4}"
EndProject
Project("{9A19103F-16F7-4668-BE54-9A1E7A4F7556}") = "zamestanci7", "zamestanci7\zamestanci7.csproj", "{8190020E-5B90-41E4-9AD8-C524389D1CE0}"
EndProject
Project("{2150E333-8FDC-42A3-9474-1A3956D46DE8}") = "02-OOP2", "02-OOP2", "{F3849CA0-9B81-4016-99E1-7BD6F595460A}"
EndProject
Project("{9A19103F-16F7-4668-BE54-9A1E7A4F7556}") = "03-OOP2-050-Dopravní-Prostredky", "03-OOP2-050-Dopravní-Prostredky\03-OOP2-050-Dopravní-Prostredky.csproj", "{D9162B41-2FD9-4F36-8A36-73AECDE94A0A}"
EndProject
Project("{9A19103F-16F7-4668-BE54-9A1E7A4F7556}") = "02-OOP2-060-Iface-Utvary", "02-OOP2-060-Iface-Utvary\02-OOP2-060-Iface-Utvary.csproj", "{94AA90CE-4D0D-485A-9661-D57A65510B17}"
EndProject
Project("{9A19103F-16F7-4668-BE54-9A1E7A4F7556}") = "Hra_27.11.", "Hra_27.11\Hra_27.11..csproj", "{67F342AC-AB12-407A-91FE-45790B40F0C1}"
EndProject
Project("{9A19103F-16F7-4668-BE54-9A1E7A4F7556}") = "02-OOP2-020-Iface-Icomparable-Demo", "02-OOP2-020-Iface-Icomparable-Demo\02-OOP2-020-Iface-Icomparable-Demo.csproj", "{9A985093-786D-491C-96B5-AC9CB83BB40C}"
EndProject
Project("{9A19103F-16F7-4668-BE54-9A1E7A4F7556}") = "03-OOP2-070-IFace-IComparable-Body", "03-OOP2-070-IFace-IComparable-Body\03-OOP2-070-IFace-IComparable-Body.csproj", "{4138D66B-F027-47F3-AFE7-2C07811B3CBE}"
EndProject
Project("{2150E333-8FDC-42A3-9474-1A3956D46DE8}") = "testy-přípva", "testy-přípva", "{4B653917-4A7D-4874-BB76-1E7D29C5E10C}"
EndProject
Project("{9A19103F-16F7-4668-BE54-9A1E7A4F7556}") = "Dop_prostředky", "Dop_prostředky\Dop_prostředky.csproj", "{4808869D-F00C-4931-ACD5-0DB57A667F77}"
EndProject
Project("{FAE04EC0-301F-11D3-BF4B-00C04F79EFBC}") = "Test_OOP_17.12.", "Test_OOP_17.12\Test_OOP_17.12..csproj", "{5A66E834-FFB4-4626-9D17-B2D0E5A153AE}"
EndProject
Global
	GlobalSection(SolutionConfigurationPlatforms) = preSolution
		Debug|Any CPU = Debug|Any CPU
		Release|Any CPU = Release|Any CPU
	EndGlobalSection
	GlobalSection(ProjectConfigurationPlatforms) = postSolution
		{F4B666F0-C7E7-4488-A14F-5FBEFBF9F212}.Debug|Any CPU.ActiveCfg = Debug|Any CPU
		{F4B666F0-C7E7-4488-A14F-5FBEFBF9F212}.Debug|Any CPU.Build.0 = Debug|Any CPU
		{F4B666F0-C7E7-4488-A14F-5FBEFBF9F212}.Release|Any CPU.ActiveCfg = Release|Any CPU
		{F4B666F0-C7E7-4488-A14F-5FBEFBF9F212}.Release|Any CPU.Build.0 = Release|Any CPU
		{C6AA64E2-F443-4156-BE99-D9A74006DB8D}.Debug|Any CPU.ActiveCfg = Debug|Any CPU
		{C6AA64E2-F443-4156-BE99-D9A74006DB8D}.Debug|Any CPU.Build.0 = Debug|Any CPU
		{C6AA64E2-F443-4156-BE99-D9A74006DB8D}.Release|Any CPU.ActiveCfg = Release|Any CPU
		{C6AA64E2-F443-4156-BE99-D9A74006DB8D}.Release|Any CPU.Build.0 = Release|Any CPU
		{F4AABE5C-97A5-4924-95DB-FE68D16A64F9}.Debug|Any CPU.ActiveCfg = Debug|Any CPU
		{F4AABE5C-97A5-4924-95DB-FE68D16A64F9}.Debug|Any CPU.Build.0 = Debug|Any CPU
		{F4AABE5C-97A5-4924-95DB-FE68D16A64F9}.Release|Any CPU.ActiveCfg = Release|Any CPU
		{F4AABE5C-97A5-4924-95DB-FE68D16A64F9}.Release|Any CPU.Build.0 = Release|Any CPU
		{997CAE07-E2ED-4168-A898-83638A75E7A6}.Debug|Any CPU.ActiveCfg = Debug|Any CPU
		{997CAE07-E2ED-4168-A898-83638A75E7A6}.Debug|Any CPU.Build.0 = Debug|Any CPU
		{997CAE07-E2ED-4168-A898-83638A75E7A6}.Release|Any CPU.ActiveCfg = Release|Any CPU
		{997CAE07-E2ED-4168-A898-83638A75E7A6}.Release|Any CPU.Build.0 = Release|Any CPU
		{FD6EF0D0-064F-4400-8246-8C8EA811D98C}.Debug|Any CPU.ActiveCfg = Debug|Any CPU
		{FD6EF0D0-064F-4400-8246-8C8EA811D98C}.Debug|Any CPU.Build.0 = Debug|Any CPU
		{FD6EF0D0-064F-4400-8246-8C8EA811D98C}.Release|Any CPU.ActiveCfg = Release|Any CPU
		{FD6EF0D0-064F-4400-8246-8C8EA811D98C}.Release|Any CPU.Build.0 = Release|Any CPU
		{3802B6B6-27F4-4455-B16B-B0768DF60A1B}.Debug|Any CPU.ActiveCfg = Debug|Any CPU
		{3802B6B6-27F4-4455-B16B-B0768DF60A1B}.Debug|Any CPU.Build.0 = Debug|Any CPU
		{3802B6B6-27F4-4455-B16B-B0768DF60A1B}.Release|Any CPU.ActiveCfg = Release|Any CPU
		{3802B6B6-27F4-4455-B16B-B0768DF60A1B}.Release|Any CPU.Build.0 = Release|Any CPU
		{4EAA23DA-1021-4A53-931D-FEBFF95907F8}.Debug|Any CPU.ActiveCfg = Debug|Any CPU
		{4EAA23DA-1021-4A53-931D-FEBFF95907F8}.Debug|Any CPU.Build.0 = Debug|Any CPU
		{4EAA23DA-1021-4A53-931D-FEBFF95907F8}.Release|Any CPU.ActiveCfg = Release|Any CPU
		{4EAA23DA-1021-4A53-931D-FEBFF95907F8}.Release|Any CPU.Build.0 = Release|Any CPU
		{93F4F29E-D7A2-4295-AF3A-84FEE130645A}.Debug|Any CPU.ActiveCfg = Debug|Any CPU
		{93F4F29E-D7A2-4295-AF3A-84FEE130645A}.Debug|Any CPU.Build.0 = Debug|Any CPU
		{93F4F29E-D7A2-4295-AF3A-84FEE130645A}.Release|Any CPU.ActiveCfg = Release|Any CPU
		{93F4F29E-D7A2-4295-AF3A-84FEE130645A}.Release|Any CPU.Build.0 = Release|Any CPU
		{636CCBED-A63D-48BF-BC60-267359D56C1D}.Debug|Any CPU.ActiveCfg = Debug|Any CPU
		{636CCBED-A63D-48BF-BC60-267359D56C1D}.Debug|Any CPU.Build.0 = Debug|Any CPU
		{636CCBED-A63D-48BF-BC60-267359D56C1D}.Release|Any CPU.ActiveCfg = Release|Any CPU
		{636CCBED-A63D-48BF-BC60-267359D56C1D}.Release|Any CPU.Build.0 = Release|Any CPU
		{75C5A53E-5AFD-4E09-83F7-E578D7C3EE21}.Debug|Any CPU.ActiveCfg = Debug|Any CPU
		{75C5A53E-5AFD-4E09-83F7-E578D7C3EE21}.Debug|Any CPU.Build.0 = Debug|Any CPU
		{75C5A53E-5AFD-4E09-83F7-E578D7C3EE21}.Release|Any CPU.ActiveCfg = Release|Any CPU
		{75C5A53E-5AFD-4E09-83F7-E578D7C3EE21}.Release|Any CPU.Build.0 = Release|Any CPU
		{38F042DA-7171-471C-AA3C-9C5FD5DA0F49}.Debug|Any CPU.ActiveCfg = Debug|Any CPU
		{38F042DA-7171-471C-AA3C-9C5FD5DA0F49}.Debug|Any CPU.Build.0 = Debug|Any CPU
		{38F042DA-7171-471C-AA3C-9C5FD5DA0F49}.Release|Any CPU.ActiveCfg = Release|Any CPU
		{38F042DA-7171-471C-AA3C-9C5FD5DA0F49}.Release|Any CPU.Build.0 = Release|Any CPU
		{F34189B1-2658-400D-B1BE-B247B7CD2E6E}.Debug|Any CPU.ActiveCfg = Debug|Any CPU
		{F34189B1-2658-400D-B1BE-B247B7CD2E6E}.Debug|Any CPU.Build.0 = Debug|Any CPU
		{F34189B1-2658-400D-B1BE-B247B7CD2E6E}.Release|Any CPU.ActiveCfg = Release|Any CPU
		{F34189B1-2658-400D-B1BE-B247B7CD2E6E}.Release|Any CPU.Build.0 = Release|Any CPU
		{B6C3640C-D126-4AF0-A85C-033067C8BAF4}.Debug|Any CPU.ActiveCfg = Debug|Any CPU
		{B6C3640C-D126-4AF0-A85C-033067C8BAF4}.Debug|Any CPU.Build.0 = Debug|Any CPU
		{B6C3640C-D126-4AF0-A85C-033067C8BAF4}.Release|Any CPU.ActiveCfg = Release|Any CPU
		{B6C3640C-D126-4AF0-A85C-033067C8BAF4}.Release|Any CPU.Build.0 = Release|Any CPU
		{8190020E-5B90-41E4-9AD8-C524389D1CE0}.Debug|Any CPU.ActiveCfg = Debug|Any CPU
		{8190020E-5B90-41E4-9AD8-C524389D1CE0}.Debug|Any CPU.Build.0 = Debug|Any CPU
		{8190020E-5B90-41E4-9AD8-C524389D1CE0}.Release|Any CPU.ActiveCfg = Release|Any CPU
		{8190020E-5B90-41E4-9AD8-C524389D1CE0}.Release|Any CPU.Build.0 = Release|Any CPU
		{D9162B41-2FD9-4F36-8A36-73AECDE94A0A}.Debug|Any CPU.ActiveCfg = Debug|Any CPU
		{D9162B41-2FD9-4F36-8A36-73AECDE94A0A}.Debug|Any CPU.Build.0 = Debug|Any CPU
		{D9162B41-2FD9-4F36-8A36-73AECDE94A0A}.Release|Any CPU.ActiveCfg = Release|Any CPU
		{D9162B41-2FD9-4F36-8A36-73AECDE94A0A}.Release|Any CPU.Build.0 = Release|Any CPU
		{94AA90CE-4D0D-485A-9661-D57A65510B17}.Debug|Any CPU.ActiveCfg = Debug|Any CPU
		{94AA90CE-4D0D-485A-9661-D57A65510B17}.Debug|Any CPU.Build.0 = Debug|Any CPU
		{94AA90CE-4D0D-485A-9661-D57A65510B17}.Release|Any CPU.ActiveCfg = Release|Any CPU
		{94AA90CE-4D0D-485A-9661-D57A65510B17}.Release|Any CPU.Build.0 = Release|Any CPU
		{67F342AC-AB12-407A-91FE-45790B40F0C1}.Debug|Any CPU.ActiveCfg = Debug|Any CPU
		{67F342AC-AB12-407A-91FE-45790B40F0C1}.Debug|Any CPU.Build.0 = Debug|Any CPU
		{67F342AC-AB12-407A-91FE-45790B40F0C1}.Release|Any CPU.ActiveCfg = Release|Any CPU
		{67F342AC-AB12-407A-91FE-45790B40F0C1}.Release|Any CPU.Build.0 = Release|Any CPU
		{9A985093-786D-491C-96B5-AC9CB83BB40C}.Debug|Any CPU.ActiveCfg = Debug|Any CPU
		{9A985093-786D-491C-96B5-AC9CB83BB40C}.Debug|Any CPU.Build.0 = Debug|Any CPU
		{9A985093-786D-491C-96B5-AC9CB83BB40C}.Release|Any CPU.ActiveCfg = Release|Any CPU
		{9A985093-786D-491C-96B5-AC9CB83BB40C}.Release|Any CPU.Build.0 = Release|Any CPU
		{4138D66B-F027-47F3-AFE7-2C07811B3CBE}.Debug|Any CPU.ActiveCfg = Debug|Any CPU
		{4138D66B-F027-47F3-AFE7-2C07811B3CBE}.Debug|Any CPU.Build.0 = Debug|Any CPU
		{4138D66B-F027-47F3-AFE7-2C07811B3CBE}.Release|Any CPU.ActiveCfg = Release|Any CPU
		{4138D66B-F027-47F3-AFE7-2C07811B3CBE}.Release|Any CPU.Build.0 = Release|Any CPU
		{4808869D-F00C-4931-ACD5-0DB57A667F77}.Debug|Any CPU.ActiveCfg = Debug|Any CPU
		{4808869D-F00C-4931-ACD5-0DB57A667F77}.Debug|Any CPU.Build.0 = Debug|Any CPU
		{4808869D-F00C-4931-ACD5-0DB57A667F77}.Release|Any CPU.ActiveCfg = Release|Any CPU
		{4808869D-F00C-4931-ACD5-0DB57A667F77}.Release|Any CPU.Build.0 = Release|Any CPU
		{5A66E834-FFB4-4626-9D17-B2D0E5A153AE}.Debug|Any CPU.ActiveCfg = Debug|Any CPU
		{5A66E834-FFB4-4626-9D17-B2D0E5A153AE}.Debug|Any CPU.Build.0 = Debug|Any CPU
		{5A66E834-FFB4-4626-9D17-B2D0E5A153AE}.Release|Any CPU.ActiveCfg = Release|Any CPU
		{5A66E834-FFB4-4626-9D17-B2D0E5A153AE}.Release|Any CPU.Build.0 = Release|Any CPU
	EndGlobalSection
	GlobalSection(SolutionProperties) = preSolution
		HideSolutionNode = FALSE
	EndGlobalSection
	GlobalSection(NestedProjects) = preSolution
		{F4B666F0-C7E7-4488-A14F-5FBEFBF9F212} = {1F6894A1-0943-48D5-9846-42C74DD4872F}
		{C6AA64E2-F443-4156-BE99-D9A74006DB8D} = {1F6894A1-0943-48D5-9846-42C74DD4872F}
		{F4AABE5C-97A5-4924-95DB-FE68D16A64F9} = {1F6894A1-0943-48D5-9846-42C74DD4872F}
		{997CAE07-E2ED-4168-A898-83638A75E7A6} = {3728FE2C-9202-49E6-AE6B-E580476CA577}
		{FD6EF0D0-064F-4400-8246-8C8EA811D98C} = {3728FE2C-9202-49E6-AE6B-E580476CA577}
		{3802B6B6-27F4-4455-B16B-B0768DF60A1B} = {3728FE2C-9202-49E6-AE6B-E580476CA577}
		{636CCBED-A63D-48BF-BC60-267359D56C1D} = {3728FE2C-9202-49E6-AE6B-E580476CA577}
		{75C5A53E-5AFD-4E09-83F7-E578D7C3EE21} = {3728FE2C-9202-49E6-AE6B-E580476CA577}
		{38F042DA-7171-471C-AA3C-9C5FD5DA0F49} = {3728FE2C-9202-49E6-AE6B-E580476CA577}
		{F34189B1-2658-400D-B1BE-B247B7CD2E6E} = {3728FE2C-9202-49E6-AE6B-E580476CA577}
		{B6C3640C-D126-4AF0-A85C-033067C8BAF4} = {3728FE2C-9202-49E6-AE6B-E580476CA577}
		{8190020E-5B90-41E4-9AD8-C524389D1CE0} = {3728FE2C-9202-49E6-AE6B-E580476CA577}
		{D9162B41-2FD9-4F36-8A36-73AECDE94A0A} = {F3849CA0-9B81-4016-99E1-7BD6F595460A}
		{94AA90CE-4D0D-485A-9661-D57A65510B17} = {F3849CA0-9B81-4016-99E1-7BD6F595460A}
		{67F342AC-AB12-407A-91FE-45790B40F0C1} = {F3849CA0-9B81-4016-99E1-7BD6F595460A}
		{9A985093-786D-491C-96B5-AC9CB83BB40C} = {F3849CA0-9B81-4016-99E1-7BD6F595460A}
		{4138D66B-F027-47F3-AFE7-2C07811B3CBE} = {F3849CA0-9B81-4016-99E1-7BD6F595460A}
		{4B653917-4A7D-4874-BB76-1E7D29C5E10C} = {F3849CA0-9B81-4016-99E1-7BD6F595460A}
		{4808869D-F00C-4931-ACD5-0DB57A667F77} = {4B653917-4A7D-4874-BB76-1E7D29C5E10C}
		{5A66E834-FFB4-4626-9D17-B2D0E5A153AE} = {F3849CA0-9B81-4016-99E1-7BD6F595460A}
	EndGlobalSection
	GlobalSection(ExtensibilityGlobals) = postSolution
		SolutionGuid = {29AA5F66-AB8F-4783-8BD5-C0766F816483}
	EndGlobalSection
EndGlobal
